schema: '2.0'
stages:
  separation_donnees:
    cmd: uv run src/data/separation.py
    deps:
    - path: data/raw_data
      hash: md5
      md5: 83524b9ab09f4ac15af2c899d45e60eb.dir
      size: 333773
      nfiles: 2
    - path: src/data/separation.py
      hash: md5
      md5: 1fcbd723469706013349203bdf6117c2
      size: 1083
    outs:
    - path: data/processed_data/separated
      hash: md5
      md5: f0e344589f7c032b39b69b52cb425e7a.dir
      size: 330849
      nfiles: 4
  normalisation_donnees:
    cmd: uv run src/data/normalisation.py
    deps:
    - path: data/processed_data/separated
      hash: md5
      md5: f0e344589f7c032b39b69b52cb425e7a.dir
      size: 330849
      nfiles: 4
    - path: src/data/normalisation.py
      hash: md5
      md5: 651e8d4fc07216d3971eb1ef9a4ac8d3
      size: 1018
    outs:
    - path: data/processed_data/normalized
      hash: md5
      md5: 19e2072617c98142157387a9465ace92.dir
      size: 277933
      nfiles: 2
  recherches_meilleurs_params:
    cmd: uv run src/models/gridsearch.py
    deps:
    - path: data/processed_data/normalized
      hash: md5
      md5: 19e2072617c98142157387a9465ace92.dir
      size: 277933
      nfiles: 2
    - path: data/processed_data/separated
      hash: md5
      md5: f0e344589f7c032b39b69b52cb425e7a.dir
      size: 330849
      nfiles: 4
    - path: src/models/gridsearch.py
      hash: md5
      md5: 94013d44fe4c2271c761a725e1fc70f8
      size: 835
    outs:
    - path: models/params/meilleurs_params.pkl
      hash: md5
      md5: a8bb573e246c49e41020788251752c62
      size: 25975025
  entrainement:
    cmd: uv run src/models/train.py
    deps:
    - path: data/processed_data/normalized
      hash: md5
      md5: 19e2072617c98142157387a9465ace92.dir
      size: 277933
      nfiles: 2
    - path: data/processed_data/separated
      hash: md5
      md5: f0e344589f7c032b39b69b52cb425e7a.dir
      size: 330849
      nfiles: 4
    - path: models/params/meilleurs_params.pkl
      hash: md5
      md5: a8bb573e246c49e41020788251752c62
      size: 25975025
    - path: src/models/train.py
      hash: md5
      md5: 56b87ed47ebe8ea188dd1d9e929b0b5a
      size: 601
    outs:
    - path: models/entraine/modele_entraine.pkl
      hash: md5
      md5: 2fd6871ca1300069bd0bbaa48cd90e21
      size: 25974027
  evaluation:
    cmd: uv run src/models/evaluate.py
    deps:
    - path: data/processed_data/normalized
      hash: md5
      md5: 19e2072617c98142157387a9465ace92.dir
      size: 277933
      nfiles: 2
    - path: data/processed_data/separated
      hash: md5
      md5: f0e344589f7c032b39b69b52cb425e7a.dir
      size: 330849
      nfiles: 4
    - path: models/entraine/modele_entraine.pkl
      hash: md5
      md5: 2fd6871ca1300069bd0bbaa48cd90e21
      size: 25974027
    - path: src/models/evaluate.py
      hash: md5
      md5: 3ff39ebac2f3a6458fd379a99b5f6d15
      size: 1200
    outs:
    - path: metrics/scores.json
      hash: md5
      md5: 9f6eede2efc4944d0e8c270783b11035
      size: 110
